
Microsoft Visual Studio Solution File, Format Version 12.00
# Visual Studio Version 16
VisualStudioVersion = 16.0.31005.135
MinimumVisualStudioVersion = 10.0.40219.1
Project("{9A19103F-16F7-4668-BE54-9A1E7A4F7556}") = "Shout_API", "Shout_API\Shout_API.csproj", "{4D0969EC-CFEB-4917-99EB-753C9F423067}"
EndProject
Project("{FAE04EC0-301F-11D3-BF4B-00C04F79EFBC}") = "TestProject", "TestProject\TestProject.csproj", "{6C66A4BA-C784-45B3-95C3-F9DF68EC1FC0}"
EndProject
Global
	GlobalSection(SolutionConfigurationPlatforms) = preSolution
		Debug|Any CPU = Debug|Any CPU
		Release|Any CPU = Release|Any CPU
	EndGlobalSection
	GlobalSection(ProjectConfigurationPlatforms) = postSolution
		{4D0969EC-CFEB-4917-99EB-753C9F423067}.Debug|Any CPU.ActiveCfg = Debug|Any CPU
		{4D0969EC-CFEB-4917-99EB-753C9F423067}.Debug|Any CPU.Build.0 = Debug|Any CPU
		{4D0969EC-CFEB-4917-99EB-753C9F423067}.Release|Any CPU.ActiveCfg = Release|Any CPU
		{4D0969EC-CFEB-4917-99EB-753C9F423067}.Release|Any CPU.Build.0 = Release|Any CPU
		{6C66A4BA-C784-45B3-95C3-F9DF68EC1FC0}.Debug|Any CPU.ActiveCfg = Debug|Any CPU
		{6C66A4BA-C784-45B3-95C3-F9DF68EC1FC0}.Debug|Any CPU.Build.0 = Debug|Any CPU
		{6C66A4BA-C784-45B3-95C3-F9DF68EC1FC0}.Release|Any CPU.ActiveCfg = Release|Any CPU
		{6C66A4BA-C784-45B3-95C3-F9DF68EC1FC0}.Release|Any CPU.Build.0 = Release|Any CPU
	EndGlobalSection
	GlobalSection(SolutionProperties) = preSolution
		HideSolutionNode = FALSE
	EndGlobalSection
	GlobalSection(ExtensibilityGlobals) = postSolution
		SolutionGuid = {6D0AD9A4-4986-4671-A85F-50234E2A75D3}
	EndGlobalSection
EndGlobal
